{
  "name": "variable",
  "lockfileVersion": 3,
  "requires": true,
  "packages": {
    "": {
      "dependencies": {
        "fastdom": "^1.0.11"
      }
    },
    "node_modules/fastdom": {
      "version": "1.0.11",
      "resolved": "https://registry.npmjs.org/fastdom/-/fastdom-1.0.11.tgz",
      "integrity": "sha512-jl9MwXDFxhg354W4E3s1UMsLh3HWFuVMQiRUlXpHckcHRXQvUe76yzBf1Z7b+x5Ci4TUJ1KmynI9alGUXG95IQ==",
      "dependencies": {
        "strictdom": "^1.0.1"
      }
    },
    "node_modules/strictdom": {
      "version": "1.0.1",
      "resolved": "https://registry.npmjs.org/strictdom/-/strictdom-1.0.1.tgz",
      "integrity": "sha512-cEmp9QeXXRmjj/rVp9oyiqcvyocWab/HaoN4+bwFeZ7QzykJD6L3yD4v12K1x0tHpqRqVpJevN3gW7kyM39Bqg=="
    }
  }
}
